
Microsoft Visual Studio Solution File, Format Version 12.00
# Visual Studio 2012
Project("{FAE04EC0-301F-11D3-BF4B-00C04F79EFBC}") = "GMap", "GMap\GMap.csproj", "{B6CBEAF5-6609-46F3-BFAF-A8CBBD3A920F}"
EndProject
Project("{FAE04EC0-301F-11D3-BF4B-00C04F79EFBC}") = "AutoMapperTest", "AutoMapperTest\AutoMapperTest.csproj", "{CDDF4BBE-C041-43DE-BF2C-0C85BEF2480E}"
EndProject
Project("{FAE04EC0-301F-11D3-BF4B-00C04F79EFBC}") = "MvcTestWithUnitTest", "MvcTestWithUnitTest\MvcTestWithUnitTest.csproj", "{D40D9A76-AABF-4EFE-86D8-DA3034796A58}"
EndProject
Project("{FAE04EC0-301F-11D3-BF4B-00C04F79EFBC}") = "MvcTestWithUnitTest.Tests", "MvcTestWithUnitTest.Tests\MvcTestWithUnitTest.Tests.csproj", "{786C9F91-2E65-403E-AB6C-132C3E2EED85}"
EndProject
Global
	GlobalSection(SolutionConfigurationPlatforms) = preSolution
		Debug|Any CPU = Debug|Any CPU
		Release|Any CPU = Release|Any CPU
	EndGlobalSection
	GlobalSection(ProjectConfigurationPlatforms) = postSolution
		{B6CBEAF5-6609-46F3-BFAF-A8CBBD3A920F}.Debug|Any CPU.ActiveCfg = Debug|Any CPU
		{B6CBEAF5-6609-46F3-BFAF-A8CBBD3A920F}.Debug|Any CPU.Build.0 = Debug|Any CPU
		{B6CBEAF5-6609-46F3-BFAF-A8CBBD3A920F}.Release|Any CPU.ActiveCfg = Release|Any CPU
		{B6CBEAF5-6609-46F3-BFAF-A8CBBD3A920F}.Release|Any CPU.Build.0 = Release|Any CPU
		{CDDF4BBE-C041-43DE-BF2C-0C85BEF2480E}.Debug|Any CPU.ActiveCfg = Debug|Any CPU
		{CDDF4BBE-C041-43DE-BF2C-0C85BEF2480E}.Debug|Any CPU.Build.0 = Debug|Any CPU
		{CDDF4BBE-C041-43DE-BF2C-0C85BEF2480E}.Release|Any CPU.ActiveCfg = Release|Any CPU
		{CDDF4BBE-C041-43DE-BF2C-0C85BEF2480E}.Release|Any CPU.Build.0 = Release|Any CPU
		{D40D9A76-AABF-4EFE-86D8-DA3034796A58}.Debug|Any CPU.ActiveCfg = Debug|Any CPU
		{D40D9A76-AABF-4EFE-86D8-DA3034796A58}.Debug|Any CPU.Build.0 = Debug|Any CPU
		{D40D9A76-AABF-4EFE-86D8-DA3034796A58}.Release|Any CPU.ActiveCfg = Release|Any CPU
		{D40D9A76-AABF-4EFE-86D8-DA3034796A58}.Release|Any CPU.Build.0 = Release|Any CPU
		{786C9F91-2E65-403E-AB6C-132C3E2EED85}.Debug|Any CPU.ActiveCfg = Debug|Any CPU
		{786C9F91-2E65-403E-AB6C-132C3E2EED85}.Debug|Any CPU.Build.0 = Debug|Any CPU
		{786C9F91-2E65-403E-AB6C-132C3E2EED85}.Release|Any CPU.ActiveCfg = Release|Any CPU
		{786C9F91-2E65-403E-AB6C-132C3E2EED85}.Release|Any CPU.Build.0 = Release|Any CPU
	EndGlobalSection
	GlobalSection(SolutionProperties) = preSolution
		HideSolutionNode = FALSE
	EndGlobalSection
EndGlobal
